
Microsoft Visual Studio Solution File, Format Version 12.00
# Visual Studio Version 17
VisualStudioVersion = 17.9.34714.143
MinimumVisualStudioVersion = 10.0.40219.1
Project("{FAE04EC0-301F-11D3-BF4B-00C04F79EFBC}") = "WpfApp13", "WpfApp13\WpfApp13.csproj", "{12528E2F-06A6-4195-91D1-B08916F8217C}"
EndProject
Global
	GlobalSection(SolutionConfigurationPlatforms) = preSolution
		Debug|Any CPU = Debug|Any CPU
		Release|Any CPU = Release|Any CPU
	EndGlobalSection
	GlobalSection(ProjectConfigurationPlatforms) = postSolution
		{12528E2F-06A6-4195-91D1-B08916F8217C}.Debug|Any CPU.ActiveCfg = Debug|Any CPU
		{12528E2F-06A6-4195-91D1-B08916F8217C}.Debug|Any CPU.Build.0 = Debug|Any CPU
		{12528E2F-06A6-4195-91D1-B08916F8217C}.Release|Any CPU.ActiveCfg = Release|Any CPU
		{12528E2F-06A6-4195-91D1-B08916F8217C}.Release|Any CPU.Build.0 = Release|Any CPU
	EndGlobalSection
	GlobalSection(SolutionProperties) = preSolution
		HideSolutionNode = FALSE
	EndGlobalSection
	GlobalSection(ExtensibilityGlobals) = postSolution
		SolutionGuid = {63A23519-E47A-4D9D-8081-48B710B855BD}
	EndGlobalSection
EndGlobal
